
Microsoft Visual Studio Solution File, Format Version 12.00
# Visual Studio Version 17
VisualStudioVersion = 17.3.32929.385
MinimumVisualStudioVersion = 10.0.40219.1
Project("{FAE04EC0-301F-11D3-BF4B-00C04F79EFBC}") = "InventarioFarmaUziel", "InventarioFarmaUziel\InventarioFarmaUziel.csproj", "{75CC6822-B4E8-4405-8060-772BFFEE54F9}"
EndProject
Global
	GlobalSection(SolutionConfigurationPlatforms) = preSolution
		Debug|Any CPU = Debug|Any CPU
		Release|Any CPU = Release|Any CPU
	EndGlobalSection
	GlobalSection(ProjectConfigurationPlatforms) = postSolution
		{75CC6822-B4E8-4405-8060-772BFFEE54F9}.Debug|Any CPU.ActiveCfg = Debug|Any CPU
		{75CC6822-B4E8-4405-8060-772BFFEE54F9}.Debug|Any CPU.Build.0 = Debug|Any CPU
		{75CC6822-B4E8-4405-8060-772BFFEE54F9}.Release|Any CPU.ActiveCfg = Release|Any CPU
		{75CC6822-B4E8-4405-8060-772BFFEE54F9}.Release|Any CPU.Build.0 = Release|Any CPU
	EndGlobalSection
	GlobalSection(SolutionProperties) = preSolution
		HideSolutionNode = FALSE
	EndGlobalSection
	GlobalSection(ExtensibilityGlobals) = postSolution
		SolutionGuid = {82004956-DAE7-4568-B992-09CF96802A0C}
	EndGlobalSection
EndGlobal
